
Microsoft Visual Studio Solution File, Format Version 12.00
Project("{FAE04EC0-301F-11D3-BF4B-00C04F79EFBC}") = "DeskBooker.Core.Tests", "DeskBooker.Core.Tests\DeskBooker.Core.Tests.csproj", "{CF296749-799C-4AA0-8021-169B9CEF8693}"
EndProject
Project("{FAE04EC0-301F-11D3-BF4B-00C04F79EFBC}") = "DeskBooker.Core", "DeskBooker.Core\DeskBooker.Core.csproj", "{5E144B1B-CFD7-4BCF-95DE-D13D708A34D6}"
EndProject
Global
	GlobalSection(SolutionConfigurationPlatforms) = preSolution
		Debug|Any CPU = Debug|Any CPU
		Release|Any CPU = Release|Any CPU
	EndGlobalSection
	GlobalSection(ProjectConfigurationPlatforms) = postSolution
		{CF296749-799C-4AA0-8021-169B9CEF8693}.Debug|Any CPU.ActiveCfg = Debug|Any CPU
		{CF296749-799C-4AA0-8021-169B9CEF8693}.Debug|Any CPU.Build.0 = Debug|Any CPU
		{CF296749-799C-4AA0-8021-169B9CEF8693}.Release|Any CPU.ActiveCfg = Release|Any CPU
		{CF296749-799C-4AA0-8021-169B9CEF8693}.Release|Any CPU.Build.0 = Release|Any CPU
		{5E144B1B-CFD7-4BCF-95DE-D13D708A34D6}.Debug|Any CPU.ActiveCfg = Debug|Any CPU
		{5E144B1B-CFD7-4BCF-95DE-D13D708A34D6}.Debug|Any CPU.Build.0 = Debug|Any CPU
		{5E144B1B-CFD7-4BCF-95DE-D13D708A34D6}.Release|Any CPU.ActiveCfg = Release|Any CPU
		{5E144B1B-CFD7-4BCF-95DE-D13D708A34D6}.Release|Any CPU.Build.0 = Release|Any CPU
	EndGlobalSection
EndGlobal
